owner=5_6m_fast
status=complete
candidates=1240
symbols=5
finished=2026-07-24T08:03:36Z
out=data/judgment_yolo_owner_side_short_5_6m.csv
metrics=analysis/output/p2b_yolo_owner_side_short_tip_v1b_5_6m_metrics.json
report=analysis/p_short_only_backtest_tip_v1b_5_6m.md
note=DONE — do NOT promote; do NOT commit from this pilot
